
Microsoft Visual Studio Solution File, Format Version 12.00
# Visual Studio 2013
Project("{FAE04EC0-301F-11D3-BF4B-00C04F79EFBC}") = "2Jugadores.CSharp", "2Jugadores.CSharp.csproj", "{DFCCBE42-B885-024E-9710-C9879260D772}"
EndProject
Project("{FAE04EC0-301F-11D3-BF4B-00C04F79EFBC}") = "2Jugadores.CSharp.Editor", "2Jugadores.CSharp.Editor.csproj", "{3C415A44-C606-6E61-6352-284E83BCEA10}"
EndProject
Global
	GlobalSection(SolutionConfigurationPlatforms) = preSolution
		Debug|Any CPU = Debug|Any CPU
		Release|Any CPU = Release|Any CPU
	EndGlobalSection
	GlobalSection(ProjectConfigurationPlatforms) = postSolution
		{DFCCBE42-B885-024E-9710-C9879260D772}.Debug|Any CPU.ActiveCfg = Debug|Any CPU
		{DFCCBE42-B885-024E-9710-C9879260D772}.Debug|Any CPU.Build.0 = Debug|Any CPU
		{DFCCBE42-B885-024E-9710-C9879260D772}.Release|Any CPU.ActiveCfg = Release|Any CPU
		{DFCCBE42-B885-024E-9710-C9879260D772}.Release|Any CPU.Build.0 = Release|Any CPU
		{3C415A44-C606-6E61-6352-284E83BCEA10}.Debug|Any CPU.ActiveCfg = Debug|Any CPU
		{3C415A44-C606-6E61-6352-284E83BCEA10}.Debug|Any CPU.Build.0 = Debug|Any CPU
		{3C415A44-C606-6E61-6352-284E83BCEA10}.Release|Any CPU.ActiveCfg = Release|Any CPU
		{3C415A44-C606-6E61-6352-284E83BCEA10}.Release|Any CPU.Build.0 = Release|Any CPU
	EndGlobalSection
	GlobalSection(SolutionProperties) = preSolution
		HideSolutionNode = FALSE
	EndGlobalSection
EndGlobal
