
Microsoft Visual Studio Solution File, Format Version 12.00
# Visual Studio 2013
Project("{FAE04EC0-301F-11D3-BF4B-00C04F79EFBC}") = "NeonMissionProyectFinal.CSharp", "NeonMissionProyectFinal.CSharp.csproj", "{51821809-593B-9CBD-DE07-F70820919FD5}"
EndProject
Project("{FAE04EC0-301F-11D3-BF4B-00C04F79EFBC}") = "NeonMissionProyectFinal.CSharp.Editor", "NeonMissionProyectFinal.CSharp.Editor.csproj", "{1BE539E8-57A3-3E8F-7F47-25CF85742218}"
EndProject
Global
	GlobalSection(SolutionConfigurationPlatforms) = preSolution
		Debug|Any CPU = Debug|Any CPU
		Release|Any CPU = Release|Any CPU
	EndGlobalSection
	GlobalSection(ProjectConfigurationPlatforms) = postSolution
		{51821809-593B-9CBD-DE07-F70820919FD5}.Debug|Any CPU.ActiveCfg = Debug|Any CPU
		{51821809-593B-9CBD-DE07-F70820919FD5}.Debug|Any CPU.Build.0 = Debug|Any CPU
		{51821809-593B-9CBD-DE07-F70820919FD5}.Release|Any CPU.ActiveCfg = Release|Any CPU
		{51821809-593B-9CBD-DE07-F70820919FD5}.Release|Any CPU.Build.0 = Release|Any CPU
		{1BE539E8-57A3-3E8F-7F47-25CF85742218}.Debug|Any CPU.ActiveCfg = Debug|Any CPU
		{1BE539E8-57A3-3E8F-7F47-25CF85742218}.Debug|Any CPU.Build.0 = Debug|Any CPU
		{1BE539E8-57A3-3E8F-7F47-25CF85742218}.Release|Any CPU.ActiveCfg = Release|Any CPU
		{1BE539E8-57A3-3E8F-7F47-25CF85742218}.Release|Any CPU.Build.0 = Release|Any CPU
	EndGlobalSection
	GlobalSection(SolutionProperties) = preSolution
		HideSolutionNode = FALSE
	EndGlobalSection
EndGlobal
