
Microsoft Visual Studio Solution File, Format Version 12.00
# Visual Studio 2013
Project("{FAE04EC0-301F-11D3-BF4B-00C04F79EFBC}") = "ProyectoGameLabFinal.CSharp", "ProyectoGameLabFinal.CSharp.csproj", "{457B9F12-6DCE-4AE1-C1A5-8D5D15C96193}"
EndProject
Project("{FAE04EC0-301F-11D3-BF4B-00C04F79EFBC}") = "ProyectoGameLabFinal.CSharp.Editor", "ProyectoGameLabFinal.CSharp.Editor.csproj", "{C3E5EA27-8C63-51AB-ED52-86E6A7E2521E}"
EndProject
Global
	GlobalSection(SolutionConfigurationPlatforms) = preSolution
		Debug|Any CPU = Debug|Any CPU
		Release|Any CPU = Release|Any CPU
	EndGlobalSection
	GlobalSection(ProjectConfigurationPlatforms) = postSolution
		{457B9F12-6DCE-4AE1-C1A5-8D5D15C96193}.Debug|Any CPU.ActiveCfg = Debug|Any CPU
		{457B9F12-6DCE-4AE1-C1A5-8D5D15C96193}.Debug|Any CPU.Build.0 = Debug|Any CPU
		{457B9F12-6DCE-4AE1-C1A5-8D5D15C96193}.Release|Any CPU.ActiveCfg = Release|Any CPU
		{457B9F12-6DCE-4AE1-C1A5-8D5D15C96193}.Release|Any CPU.Build.0 = Release|Any CPU
		{C3E5EA27-8C63-51AB-ED52-86E6A7E2521E}.Debug|Any CPU.ActiveCfg = Debug|Any CPU
		{C3E5EA27-8C63-51AB-ED52-86E6A7E2521E}.Debug|Any CPU.Build.0 = Debug|Any CPU
		{C3E5EA27-8C63-51AB-ED52-86E6A7E2521E}.Release|Any CPU.ActiveCfg = Release|Any CPU
		{C3E5EA27-8C63-51AB-ED52-86E6A7E2521E}.Release|Any CPU.Build.0 = Release|Any CPU
	EndGlobalSection
	GlobalSection(SolutionProperties) = preSolution
		HideSolutionNode = FALSE
	EndGlobalSection
EndGlobal
